// !$*UTF8*$!
{
	archiveVersion = 1;
	classes = {
	};
	objectVersion = 48;
	objects = {

/* Begin PBXBuildFile section */
		7D03347120726F9F008E8EB5 /* AsyncOperation.swift in Sources */ = {isa = PBXBuildFile; fileRef = 7D03347020726F9F008E8EB5 /* AsyncOperation.swift */; };
		7D09E256206A426600276544 /* AppDelegate.swift in Sources */ = {isa = PBXBuildFile; fileRef = 7D09E255206A426600276544 /* AppDelegate.swift */; };
		7D09E258206A426600276544 /* ViewController.swift in Sources */ = {isa = PBXBuildFile; fileRef = 7D09E257206A426600276544 /* ViewController.swift */; };
		7D09E25B206A426600276544 /* Main.storyboard in Resources */ = {isa = PBXBuildFile; fileRef = 7D09E259206A426600276544 /* Main.storyboard */; };
		7D09E25E206A426600276544 /* GalleryScan.xcdatamodeld in Sources */ = {isa = PBXBuildFile; fileRef = 7D09E25C206A426600276544 /* GalleryScan.xcdatamodeld */; };
		7D09E260206A426600276544 /* Assets.xcassets in Resources */ = {isa = PBXBuildFile; fileRef = 7D09E25F206A426600276544 /* Assets.xcassets */; };
		7D09E263206A426600276544 /* LaunchScreen.storyboard in Resources */ = {isa = PBXBuildFile; fileRef = 7D09E261206A426600276544 /* LaunchScreen.storyboard */; };
		7D09E26B206A42E100276544 /* ImageFetcher.swift in Sources */ = {isa = PBXBuildFile; fileRef = 7D09E26A206A42E100276544 /* ImageFetcher.swift */; };
		7D31DD902072DBEA00C7EE0F /* ImageLoadOperation.swift in Sources */ = {isa = PBXBuildFile; fileRef = 7D31DD8F2072DBEA00C7EE0F /* ImageLoadOperation.swift */; };
		7D31DD932072DCBD00C7EE0F /* ImageOutputOperation.swift in Sources */ = {isa = PBXBuildFile; fileRef = 7D31DD922072DCBD00C7EE0F /* ImageOutputOperation.swift */; };
		7D31DD952072DCE300C7EE0F /* ImageTakeOperation.swift in Sources */ = {isa = PBXBuildFile; fileRef = 7D31DD942072DCE300C7EE0F /* ImageTakeOperation.swift */; };
		7D31DD972072DD5B00C7EE0F /* ImageProvider.swift in Sources */ = {isa = PBXBuildFile; fileRef = 7D31DD962072DD5B00C7EE0F /* ImageProvider.swift */; };
		7D31DD992072DE3900C7EE0F /* ImageFetchOperation.swift in Sources */ = {isa = PBXBuildFile; fileRef = 7D31DD982072DE3900C7EE0F /* ImageFetchOperation.swift */; };
		7D4485C2206BC6C900DCCB69 /* STNImage+CoreDataClass.swift in Sources */ = {isa = PBXBuildFile; fileRef = 7D4485C0206BC6C900DCCB69 /* STNImage+CoreDataClass.swift */; };
		7D4485C3206BC6C900DCCB69 /* STNImage+CoreDataProperties.swift in Sources */ = {isa = PBXBuildFile; fileRef = 7D4485C1206BC6C900DCCB69 /* STNImage+CoreDataProperties.swift */; };
		7D4485C5206BD78F00DCCB69 /* ImageChecker.swift in Sources */ = {isa = PBXBuildFile; fileRef = 7D4485C4206BD78F00DCCB69 /* ImageChecker.swift */; };
		7DE0878B206BB62100A80095 /* UserDefaultsWrapper.swift in Sources */ = {isa = PBXBuildFile; fileRef = 7DE0878A206BB62100A80095 /* UserDefaultsWrapper.swift */; };
		7DE0878D206BBA0D00A80095 /* BadImageCoreDataController.swift in Sources */ = {isa = PBXBuildFile; fileRef = 7DE0878C206BBA0D00A80095 /* BadImageCoreDataController.swift */; };
		7DEBA06F2072F13E0022BCA4 /* BadImageSaveOperation.swift in Sources */ = {isa = PBXBuildFile; fileRef = 7DEBA06E2072F13E0022BCA4 /* BadImageSaveOperation.swift */; };
/* End PBXBuildFile section */

/* Begin PBXFileReference section */
		7D03347020726F9F008E8EB5 /* AsyncOperation.swift */ = {isa = PBXFileReference; lastKnownFileType = sourcecode.swift; path = AsyncOperation.swift; sourceTree = "<group>"; };
		7D09E252206A426600276544 /* GalleryScan.app */ = {isa = PBXFileReference; explicitFileType = wrapper.application; includeInIndex = 0; path = GalleryScan.app; sourceTree = BUILT_PRODUCTS_DIR; };
		7D09E255206A426600276544 /* AppDelegate.swift */ = {isa = PBXFileReference; lastKnownFileType = sourcecode.swift; path = AppDelegate.swift; sourceTree = "<group>"; };
		7D09E257206A426600276544 /* ViewController.swift */ = {isa = PBXFileReference; lastKnownFileType = sourcecode.swift; path = ViewController.swift; sourceTree = "<group>"; };
		7D09E25A206A426600276544 /* Base */ = {isa = PBXFileReference; lastKnownFileType = file.storyboard; name = Base; path = Base.lproj/Main.storyboard; sourceTree = "<group>"; };
		7D09E25D206A426600276544 /* GalleryScan.xcdatamodel */ = {isa = PBXFileReference; lastKnownFileType = wrapper.xcdatamodel; path = GalleryScan.xcdatamodel; sourceTree = "<group>"; };
		7D09E25F206A426600276544 /* Assets.xcassets */ = {isa = PBXFileReference; lastKnownFileType = folder.assetcatalog; path = Assets.xcassets; sourceTree = "<group>"; };
		7D09E262206A426600276544 /* Base */ = {isa = PBXFileReference; lastKnownFileType = file.storyboard; name = Base; path = Base.lproj/LaunchScreen.storyboard; sourceTree = "<group>"; };
		7D09E264206A426600276544 /* Info.plist */ = {isa = PBXFileReference; lastKnownFileType = text.plist.xml; path = Info.plist; sourceTree = "<group>"; };
		7D09E26A206A42E100276544 /* ImageFetcher.swift */ = {isa = PBXFileReference; lastKnownFileType = sourcecode.swift; path = ImageFetcher.swift; sourceTree = "<group>"; };
		7D31DD8F2072DBEA00C7EE0F /* ImageLoadOperation.swift */ = {isa = PBXFileReference; lastKnownFileType = sourcecode.swift; path = ImageLoadOperation.swift; sourceTree = "<group>"; };
		7D31DD922072DCBD00C7EE0F /* ImageOutputOperation.swift */ = {isa = PBXFileReference; lastKnownFileType = sourcecode.swift; path = ImageOutputOperation.swift; sourceTree = "<group>"; };
		7D31DD942072DCE300C7EE0F /* ImageTakeOperation.swift */ = {isa = PBXFileReference; lastKnownFileType = sourcecode.swift; path = ImageTakeOperation.swift; sourceTree = "<group>"; };
		7D31DD962072DD5B00C7EE0F /* ImageProvider.swift */ = {isa = PBXFileReference; lastKnownFileType = sourcecode.swift; path = ImageProvider.swift; sourceTree = "<group>"; };
		7D31DD982072DE3900C7EE0F /* ImageFetchOperation.swift */ = {isa = PBXFileReference; lastKnownFileType = sourcecode.swift; path = ImageFetchOperation.swift; sourceTree = "<group>"; };
		7D4485C0206BC6C900DCCB69 /* STNImage+CoreDataClass.swift */ = {isa = PBXFileReference; lastKnownFileType = sourcecode.swift; path = "STNImage+CoreDataClass.swift"; sourceTree = "<group>"; };
		7D4485C1206BC6C900DCCB69 /* STNImage+CoreDataProperties.swift */ = {isa = PBXFileReference; lastKnownFileType = sourcecode.swift; path = "STNImage+CoreDataProperties.swift"; sourceTree = "<group>"; };
		7D4485C4206BD78F00DCCB69 /* ImageChecker.swift */ = {isa = PBXFileReference; lastKnownFileType = sourcecode.swift; path = ImageChecker.swift; sourceTree = "<group>"; };
		7DE0878A206BB62100A80095 /* UserDefaultsWrapper.swift */ = {isa = PBXFileReference; lastKnownFileType = sourcecode.swift; path = UserDefaultsWrapper.swift; sourceTree = "<group>"; };
		7DE0878C206BBA0D00A80095 /* BadImageCoreDataController.swift */ = {isa = PBXFileReference; lastKnownFileType = sourcecode.swift; path = BadImageCoreDataController.swift; sourceTree = "<group>"; };
		7DEBA06E2072F13E0022BCA4 /* BadImageSaveOperation.swift */ = {isa = PBXFileReference; lastKnownFileType = sourcecode.swift; path = BadImageSaveOperation.swift; sourceTree = "<group>"; };
/* End PBXFileReference section */

/* Begin PBXFrameworksBuildPhase section */
		7D09E24F206A426600276544 /* Frameworks */ = {
			isa = PBXFrameworksBuildPhase;
			buildActionMask = 2147483647;
			files = (
			);
			runOnlyForDeploymentPostprocessing = 0;
		};
/* End PBXFrameworksBuildPhase section */

/* Begin PBXGroup section */
		7D09E249206A426600276544 = {
			isa = PBXGroup;
			children = (
				7D09E254206A426600276544 /* GalleryScan */,
				7D09E253206A426600276544 /* Products */,
			);
			sourceTree = "<group>";
		};
		7D09E253206A426600276544 /* Products */ = {
			isa = PBXGroup;
			children = (
				7D09E252206A426600276544 /* GalleryScan.app */,
			);
			name = Products;
			sourceTree = "<group>";
		};
		7D09E254206A426600276544 /* GalleryScan */ = {
			isa = PBXGroup;
			children = (
				7D4485C0206BC6C900DCCB69 /* STNImage+CoreDataClass.swift */,
				7D4485C1206BC6C900DCCB69 /* STNImage+CoreDataProperties.swift */,
				7D09E255206A426600276544 /* AppDelegate.swift */,
				7D09E257206A426600276544 /* ViewController.swift */,
				7D4485C4206BD78F00DCCB69 /* ImageChecker.swift */,
				7D09E26A206A42E100276544 /* ImageFetcher.swift */,
				7D31DD962072DD5B00C7EE0F /* ImageProvider.swift */,
				7D31DD912072DCA700C7EE0F /* Operations */,
				7DE0878A206BB62100A80095 /* UserDefaultsWrapper.swift */,
				7DE0878C206BBA0D00A80095 /* BadImageCoreDataController.swift */,
				7D09E259206A426600276544 /* Main.storyboard */,
				7D09E25F206A426600276544 /* Assets.xcassets */,
				7D09E261206A426600276544 /* LaunchScreen.storyboard */,
				7D09E264206A426600276544 /* Info.plist */,
				7D09E25C206A426600276544 /* GalleryScan.xcdatamodeld */,
			);
			path = GalleryScan;
			sourceTree = "<group>";
		};
		7D31DD912072DCA700C7EE0F /* Operations */ = {
			isa = PBXGroup;
			children = (
				7D03347020726F9F008E8EB5 /* AsyncOperation.swift */,
				7D31DD982072DE3900C7EE0F /* ImageFetchOperation.swift */,
				7D31DD942072DCE300C7EE0F /* ImageTakeOperation.swift */,
				7D31DD8F2072DBEA00C7EE0F /* ImageLoadOperation.swift */,
				7D31DD922072DCBD00C7EE0F /* ImageOutputOperation.swift */,
				7DEBA06E2072F13E0022BCA4 /* BadImageSaveOperation.swift */,
			);
			path = Operations;
			sourceTree = "<group>";
		};
/* End PBXGroup section */

/* Begin PBXNativeTarget section */
		7D09E251206A426600276544 /* GalleryScan */ = {
			isa = PBXNativeTarget;
			buildConfigurationList = 7D09E267206A426600276544 /* Build configuration list for PBXNativeTarget "GalleryScan" */;
			buildPhases = (
				7D09E24E206A426600276544 /* Sources */,
				7D09E24F206A426600276544 /* Frameworks */,
				7D09E250206A426600276544 /* Resources */,
			);
			buildRules = (
			);
			dependencies = (
			);
			name = GalleryScan;
			productName = GalleryScan;
			productReference = 7D09E252206A426600276544 /* GalleryScan.app */;
			productType = "com.apple.product-type.application";
		};
/* End PBXNativeTarget section */

/* Begin PBXProject section */
		7D09E24A206A426600276544 /* Project object */ = {
			isa = PBXProject;
			attributes = {
				LastSwiftUpdateCheck = 0920;
				LastUpgradeCheck = 0920;
				ORGANIZATIONNAME = Ciklum;
				TargetAttributes = {
					7D09E251206A426600276544 = {
						CreatedOnToolsVersion = 9.2;
						ProvisioningStyle = Automatic;
					};
				};
			};
			buildConfigurationList = 7D09E24D206A426600276544 /* Build configuration list for PBXProject "GalleryScan" */;
			compatibilityVersion = "Xcode 8.0";
			developmentRegion = en;
			hasScannedForEncodings = 0;
			knownRegions = (
				en,
				Base,
			);
			mainGroup = 7D09E249206A426600276544;
			productRefGroup = 7D09E253206A426600276544 /* Products */;
			projectDirPath = "";
			projectRoot = "";
			targets = (
				7D09E251206A426600276544 /* GalleryScan */,
			);
		};
/* End PBXProject section */

/* Begin PBXResourcesBuildPhase section */
		7D09E250206A426600276544 /* Resources */ = {
			isa = PBXResourcesBuildPhase;
			buildActionMask = 2147483647;
			files = (
				7D09E263206A426600276544 /* LaunchScreen.storyboard in Resources */,
				7D09E260206A426600276544 /* Assets.xcassets in Resources */,
				7D09E25B206A426600276544 /* Main.storyboard in Resources */,
			);
			runOnlyForDeploymentPostprocessing = 0;
		};
/* End PBXResourcesBuildPhase section */

/* Begin PBXSourcesBuildPhase section */
		7D09E24E206A426600276544 /* Sources */ = {
			isa = PBXSourcesBuildPhase;
			buildActionMask = 2147483647;
			files = (
				7DEBA06F2072F13E0022BCA4 /* BadImageSaveOperation.swift in Sources */,
				7D31DD952072DCE300C7EE0F /* ImageTakeOperation.swift in Sources */,
				7D4485C2206BC6C900DCCB69 /* STNImage+CoreDataClass.swift in Sources */,
				7D4485C5206BD78F00DCCB69 /* ImageChecker.swift in Sources */,
				7D09E25E206A426600276544 /* GalleryScan.xcdatamodeld in Sources */,
				7DE0878B206BB62100A80095 /* UserDefaultsWrapper.swift in Sources */,
				7D09E26B206A42E100276544 /* ImageFetcher.swift in Sources */,
				7D09E258206A426600276544 /* ViewController.swift in Sources */,
				7D31DD992072DE3900C7EE0F /* ImageFetchOperation.swift in Sources */,
				7D31DD932072DCBD00C7EE0F /* ImageOutputOperation.swift in Sources */,
				7D4485C3206BC6C900DCCB69 /* STNImage+CoreDataProperties.swift in Sources */,
				7DE0878D206BBA0D00A80095 /* BadImageCoreDataController.swift in Sources */,
				7D03347120726F9F008E8EB5 /* AsyncOperation.swift in Sources */,
				7D31DD902072DBEA00C7EE0F /* ImageLoadOperation.swift in Sources */,
				7D31DD972072DD5B00C7EE0F /* ImageProvider.swift in Sources */,
				7D09E256206A426600276544 /* AppDelegate.swift in Sources */,
			);
			runOnlyForDeploymentPostprocessing = 0;
		};
/* End PBXSourcesBuildPhase section */

/* Begin PBXVariantGroup section */
		7D09E259206A426600276544 /* Main.storyboard */ = {
			isa = PBXVariantGroup;
			children = (
				7D09E25A206A426600276544 /* Base */,
			);
			name = Main.storyboard;
			sourceTree = "<group>";
		};
		7D09E261206A426600276544 /* LaunchScreen.storyboard */ = {
			isa = PBXVariantGroup;
			children = (
				7D09E262206A426600276544 /* Base */,
			);
			name = LaunchScreen.storyboard;
			sourceTree = "<group>";
		};
/* End PBXVariantGroup section */

/* Begin XCBuildConfiguration section */
		7D09E265206A426600276544 /* Debug */ = {
			isa = XCBuildConfiguration;
			buildSettings = {
				ALWAYS_SEARCH_USER_PATHS = NO;
				CLANG_ANALYZER_NONNULL = YES;
				CLANG_ANALYZER_NUMBER_OBJECT_CONVERSION = YES_AGGRESSIVE;
				CLANG_CXX_LANGUAGE_STANDARD = "gnu++14";
				CLANG_CXX_LIBRARY = "libc++";
				CLANG_ENABLE_MODULES = YES;
				CLANG_ENABLE_OBJC_ARC = YES;
				CLANG_WARN_BLOCK_CAPTURE_AUTORELEASING = YES;
				CLANG_WARN_BOOL_CONVERSION = YES;
				CLANG_WARN_COMMA = YES;
				CLANG_WARN_CONSTANT_CONVERSION = YES;
				CLANG_WARN_DIRECT_OBJC_ISA_USAGE = YES_ERROR;
				CLANG_WARN_DOCUMENTATION_COMMENTS = YES;
				CLANG_WARN_EMPTY_BODY = YES;
				CLANG_WARN_ENUM_CONVERSION = YES;
				CLANG_WARN_INFINITE_RECURSION = YES;
				CLANG_WARN_INT_CONVERSION = YES;
				CLANG_WARN_NON_LITERAL_NULL_CONVERSION = YES;
				CLANG_WARN_OBJC_LITERAL_CONVERSION = YES;
				CLANG_WARN_OBJC_ROOT_CLASS = YES_ERROR;
				CLANG_WARN_RANGE_LOOP_ANALYSIS = YES;
				CLANG_WARN_STRICT_PROTOTYPES = YES;
				CLANG_WARN_SUSPICIOUS_MOVE = YES;
				CLANG_WARN_UNGUARDED_AVAILABILITY = YES_AGGRESSIVE;
				CLANG_WARN_UNREACHABLE_CODE = YES;
				CLANG_WARN__DUPLICATE_METHOD_MATCH = YES;
				CODE_SIGN_IDENTITY = "iPhone Developer";
				COPY_PHASE_STRIP = NO;
				DEBUG_INFORMATION_FORMAT = dwarf;
				ENABLE_STRICT_OBJC_MSGSEND = YES;
				ENABLE_TESTABILITY = YES;
				GCC_C_LANGUAGE_STANDARD = gnu11;
				GCC_DYNAMIC_NO_PIC = NO;
				GCC_NO_COMMON_BLOCKS = YES;
				GCC_OPTIMIZATION_LEVEL = 0;
				GCC_PREPROCESSOR_DEFINITIONS = (
					"DEBUG=1",
					"$(inherited)",
				);
				GCC_WARN_64_TO_32_BIT_CONVERSION = YES;
				GCC_WARN_ABOUT_RETURN_TYPE = YES_ERROR;
				GCC_WARN_UNDECLARED_SELECTOR = YES;
				GCC_WARN_UNINITIALIZED_AUTOS = YES_AGGRESSIVE;
				GCC_WARN_UNUSED_FUNCTION = YES;
				GCC_WARN_UNUSED_VARIABLE = YES;
				IPHONEOS_DEPLOYMENT_TARGET = 10.0;
				MTL_ENABLE_DEBUG_INFO = YES;
				ONLY_ACTIVE_ARCH = YES;
				SDKROOT = iphoneos;
				SWIFT_ACTIVE_COMPILATION_CONDITIONS = DEBUG;
				SWIFT_OPTIMIZATION_LEVEL = "-Onone";
			};
			name = Debug;
		};
		7D09E266206A426600276544 /* Release */ = {
			isa = XCBuildConfiguration;
			buildSettings = {
				ALWAYS_SEARCH_USER_PATHS = NO;
				CLANG_ANALYZER_NONNULL = YES;
				CLANG_ANALYZER_NUMBER_OBJECT_CONVERSION = YES_AGGRESSIVE;
				CLANG_CXX_LANGUAGE_STANDARD = "gnu++14";
				CLANG_CXX_LIBRARY = "libc++";
				CLANG_ENABLE_MODULES = YES;
				CLANG_ENABLE_OBJC_ARC = YES;
				CLANG_WARN_BLOCK_CAPTURE_AUTORELEASING = YES;
				CLANG_WARN_BOOL_CONVERSION = YES;
				CLANG_WARN_COMMA = YES;
				CLANG_WARN_CONSTANT_CONVERSION = YES;
				CLANG_WARN_DIRECT_OBJC_ISA_USAGE = YES_ERROR;
				CLANG_WARN_DOCUMENTATION_COMMENTS = YES;
				CLANG_WARN_EMPTY_BODY = YES;
				CLANG_WARN_ENUM_CONVERSION = YES;
				CLANG_WARN_INFINITE_RECURSION = YES;
				CLANG_WARN_INT_CONVERSION = YES;
				CLANG_WARN_NON_LITERAL_NULL_CONVERSION = YES;
				CLANG_WARN_OBJC_LITERAL_CONVERSION = YES;
				CLANG_WARN_OBJC_ROOT_CLASS = YES_ERROR;
				CLANG_WARN_RANGE_LOOP_ANALYSIS = YES;
				CLANG_WARN_STRICT_PROTOTYPES = YES;
				CLANG_WARN_SUSPICIOUS_MOVE = YES;
				CLANG_WARN_UNGUARDED_AVAILABILITY = YES_AGGRESSIVE;
				CLANG_WARN_UNREACHABLE_CODE = YES;
				CLANG_WARN__DUPLICATE_METHOD_MATCH = YES;
				CODE_SIGN_IDENTITY = "iPhone Developer";
				COPY_PHASE_STRIP = NO;
				DEBUG_INFORMATION_FORMAT = "dwarf-with-dsym";
				ENABLE_NS_ASSERTIONS = NO;
				ENABLE_STRICT_OBJC_MSGSEND = YES;
				GCC_C_LANGUAGE_STANDARD = gnu11;
				GCC_NO_COMMON_BLOCKS = YES;
				GCC_WARN_64_TO_32_BIT_CONVERSION = YES;
				GCC_WARN_ABOUT_RETURN_TYPE = YES_ERROR;
				GCC_WARN_UNDECLARED_SELECTOR = YES;
				GCC_WARN_UNINITIALIZED_AUTOS = YES_AGGRESSIVE;
				GCC_WARN_UNUSED_FUNCTION = YES;
				GCC_WARN_UNUSED_VARIABLE = YES;
				IPHONEOS_DEPLOYMENT_TARGET = 10.0;
				MTL_ENABLE_DEBUG_INFO = NO;
				SDKROOT = iphoneos;
				SWIFT_OPTIMIZATION_LEVEL = "-Owholemodule";
				VALIDATE_PRODUCT = YES;
			};
			name = Release;
		};
		7D09E268206A426600276544 /* Debug */ = {
			isa = XCBuildConfiguration;
			buildSettings = {
				ASSETCATALOG_COMPILER_APPICON_NAME = AppIcon;
				CODE_SIGN_STYLE = Automatic;
				DEVELOPMENT_TEAM = MM4NKSSYPK;
				INFOPLIST_FILE = GalleryScan/Info.plist;
				LD_RUNPATH_SEARCH_PATHS = "$(inherited) @executable_path/Frameworks";
				PRODUCT_BUNDLE_IDENTIFIER = com.Ciklum.LocBackgorund;
				PRODUCT_NAME = "$(TARGET_NAME)";
				SWIFT_VERSION = 4.0;
				TARGETED_DEVICE_FAMILY = "1,2";
			};
			name = Debug;
		};
		7D09E269206A426600276544 /* Release */ = {
			isa = XCBuildConfiguration;
			buildSettings = {
				ASSETCATALOG_COMPILER_APPICON_NAME = AppIcon;
				CODE_SIGN_STYLE = Automatic;
				DEVELOPMENT_TEAM = MM4NKSSYPK;
				INFOPLIST_FILE = GalleryScan/Info.plist;
				LD_RUNPATH_SEARCH_PATHS = "$(inherited) @executable_path/Frameworks";
				PRODUCT_BUNDLE_IDENTIFIER = com.Ciklum.LocBackgorund;
				PRODUCT_NAME = "$(TARGET_NAME)";
				SWIFT_VERSION = 4.0;
				TARGETED_DEVICE_FAMILY = "1,2";
			};
			name = Release;
		};
/* End XCBuildConfiguration section */

/* Begin XCConfigurationList section */
		7D09E24D206A426600276544 /* Build configuration list for PBXProject "GalleryScan" */ = {
			isa = XCConfigurationList;
			buildConfigurations = (
				7D09E265206A426600276544 /* Debug */,
				7D09E266206A426600276544 /* Release */,
			);
			defaultConfigurationIsVisible = 0;
			defaultConfigurationName = Release;
		};
		7D09E267206A426600276544 /* Build configuration list for PBXNativeTarget "GalleryScan" */ = {
			isa = XCConfigurationList;
			buildConfigurations = (
				7D09E268206A426600276544 /* Debug */,
				7D09E269206A426600276544 /* Release */,
			);
			defaultConfigurationIsVisible = 0;
			defaultConfigurationName = Release;
		};
/* End XCConfigurationList section */

/* Begin XCVersionGroup section */
		7D09E25C206A426600276544 /* GalleryScan.xcdatamodeld */ = {
			isa = XCVersionGroup;
			children = (
				7D09E25D206A426600276544 /* GalleryScan.xcdatamodel */,
			);
			currentVersion = 7D09E25D206A426600276544 /* GalleryScan.xcdatamodel */;
			path = GalleryScan.xcdatamodeld;
			sourceTree = "<group>";
			versionGroupType = wrapper.xcdatamodel;
		};
/* End XCVersionGroup section */
	};
	rootObject = 7D09E24A206A426600276544 /* Project object */;
}
